// !$*UTF8*$!
{
	archiveVersion = 1;
	classes = {
	};
	objectVersion = 46;
	objects = {

/* Begin PBXBuildFile section */
		1FD99D9D1DB3928600CF0721 /* AppDelegate.swift in Sources */ = {isa = PBXBuildFile; fileRef = 1FD99D9C1DB3928600CF0721 /* AppDelegate.swift */; };
		1FD99D9F1DB3928600CF0721 /* ViewController.swift in Sources */ = {isa = PBXBuildFile; fileRef = 1FD99D9E1DB3928600CF0721 /* ViewController.swift */; };
		1FD99DA21DB3928600CF0721 /* Main.storyboard in Resources */ = {isa = PBXBuildFile; fileRef = 1FD99DA01DB3928600CF0721 /* Main.storyboard */; };
		1FD99DA41DB3928600CF0721 /* Assets.xcassets in Resources */ = {isa = PBXBuildFile; fileRef = 1FD99DA31DB3928600CF0721 /* Assets.xcassets */; };
		1FD99DA71DB3928600CF0721 /* LaunchScreen.storyboard in Resources */ = {isa = PBXBuildFile; fileRef = 1FD99DA51DB3928600CF0721 /* LaunchScreen.storyboard */; };
		1FD99DAF1DB392BD00CF0721 /* User.swift in Sources */ = {isa = PBXBuildFile; fileRef = 1FD99DAE1DB392BD00CF0721 /* User.swift */; };
/* End PBXBuildFile section */

/* Begin PBXFileReference section */
		1FD99D991DB3928600CF0721 /* Persistence_String.app */ = {isa = PBXFileReference; explicitFileType = wrapper.application; includeInIndex = 0; path = Persistence_String.app; sourceTree = BUILT_PRODUCTS_DIR; };
		1FD99D9C1DB3928600CF0721 /* AppDelegate.swift */ = {isa = PBXFileReference; lastKnownFileType = sourcecode.swift; path = AppDelegate.swift; sourceTree = "<group>"; };
		1FD99D9E1DB3928600CF0721 /* ViewController.swift */ = {isa = PBXFileReference; lastKnownFileType = sourcecode.swift; path = ViewController.swift; sourceTree = "<group>"; };
		1FD99DA11DB3928600CF0721 /* Base */ = {isa = PBXFileReference; lastKnownFileType = file.storyboard; name = Base; path = Base.lproj/Main.storyboard; sourceTree = "<group>"; };
		1FD99DA31DB3928600CF0721 /* Assets.xcassets */ = {isa = PBXFileReference; lastKnownFileType = folder.assetcatalog; path = Assets.xcassets; sourceTree = "<group>"; };
		1FD99DA61DB3928600CF0721 /* Base */ = {isa = PBXFileReference; lastKnownFileType = file.storyboard; name = Base; path = Base.lproj/LaunchScreen.storyboard; sourceTree = "<group>"; };
		1FD99DA81DB3928600CF0721 /* Info.plist */ = {isa = PBXFileReference; lastKnownFileType = text.plist.xml; path = Info.plist; sourceTree = "<group>"; };
		1FD99DAE1DB392BD00CF0721 /* User.swift */ = {isa = PBXFileReference; fileEncoding = 4; lastKnownFileType = sourcecode.swift; path = User.swift; sourceTree = "<group>"; };
/* End PBXFileReference section */

/* Begin PBXFrameworksBuildPhase section */
		1FD99D961DB3928600CF0721 /* Frameworks */ = {
			isa = PBXFrameworksBuildPhase;
			buildActionMask = 2147483647;
			files = (
			);
			runOnlyForDeploymentPostprocessing = 0;
		};
/* End PBXFrameworksBuildPhase section */

/* Begin PBXGroup section */
		1FD99D901DB3928600CF0721 = {
			isa = PBXGroup;
			children = (
				1FD99D9B1DB3928600CF0721 /* Persistence_String */,
				1FD99D9A1DB3928600CF0721 /* Products */,
			);
			sourceTree = "<group>";
		};
		1FD99D9A1DB3928600CF0721 /* Products */ = {
			isa = PBXGroup;
			children = (
				1FD99D991DB3928600CF0721 /* Persistence_String.app */,
			);
			name = Products;
			sourceTree = "<group>";
		};
		1FD99D9B1DB3928600CF0721 /* Persistence_String */ = {
			isa = PBXGroup;
			children = (
				1FD99D9C1DB3928600CF0721 /* AppDelegate.swift */,
				1FD99D9E1DB3928600CF0721 /* ViewController.swift */,
				1FD99DA01DB3928600CF0721 /* Main.storyboard */,
				1FD99DA31DB3928600CF0721 /* Assets.xcassets */,
				1FD99DA51DB3928600CF0721 /* LaunchScreen.storyboard */,
				1FD99DA81DB3928600CF0721 /* Info.plist */,
				1FD99DAE1DB392BD00CF0721 /* User.swift */,
			);
			path = Persistence_String;
			sourceTree = "<group>";
		};
/* End PBXGroup section */

/* Begin PBXNativeTarget section */
		1FD99D981DB3928600CF0721 /* Persistence_String */ = {
			isa = PBXNativeTarget;
			buildConfigurationList = 1FD99DAB1DB3928600CF0721 /* Build configuration list for PBXNativeTarget "Persistence_String" */;
			buildPhases = (
				1FD99D951DB3928600CF0721 /* Sources */,
				1FD99D961DB3928600CF0721 /* Frameworks */,
				1FD99D971DB3928600CF0721 /* Resources */,
			);
			buildRules = (
			);
			dependencies = (
			);
			name = Persistence_String;
			productName = Persistence_String;
			productReference = 1FD99D991DB3928600CF0721 /* Persistence_String.app */;
			productType = "com.apple.product-type.application";
		};
/* End PBXNativeTarget section */

/* Begin PBXProject section */
		1FD99D911DB3928600CF0721 /* Project object */ = {
			isa = PBXProject;
			attributes = {
				LastSwiftUpdateCheck = 0800;
				LastUpgradeCheck = 0800;
				ORGANIZATIONNAME = "Fabian Wetekamp";
				TargetAttributes = {
					1FD99D981DB3928600CF0721 = {
						CreatedOnToolsVersion = 8.0;
						ProvisioningStyle = Automatic;
					};
				};
			};
			buildConfigurationList = 1FD99D941DB3928600CF0721 /* Build configuration list for PBXProject "Persistence_String" */;
			compatibilityVersion = "Xcode 3.2";
			developmentRegion = English;
			hasScannedForEncodings = 0;
			knownRegions = (
				en,
				Base,
			);
			mainGroup = 1FD99D901DB3928600CF0721;
			productRefGroup = 1FD99D9A1DB3928600CF0721 /* Products */;
			projectDirPath = "";
			projectRoot = "";
			targets = (
				1FD99D981DB3928600CF0721 /* Persistence_String */,
			);
		};
/* End PBXProject section */

/* Begin PBXResourcesBuildPhase section */
		1FD99D971DB3928600CF0721 /* Resources */ = {
			isa = PBXResourcesBuildPhase;
			buildActionMask = 2147483647;
			files = (
				1FD99DA71DB3928600CF0721 /* LaunchScreen.storyboard in Resources */,
				1FD99DA41DB3928600CF0721 /* Assets.xcassets in Resources */,
				1FD99DA21DB3928600CF0721 /* Main.storyboard in Resources */,
			);
			runOnlyForDeploymentPostprocessing = 0;
		};
/* End PBXResourcesBuildPhase section */

/* Begin PBXSourcesBuildPhase section */
		1FD99D951DB3928600CF0721 /* Sources */ = {
			isa = PBXSourcesBuildPhase;
			buildActionMask = 2147483647;
			files = (
				1FD99D9F1DB3928600CF0721 /* ViewController.swift in Sources */,
				1FD99D9D1DB3928600CF0721 /* AppDelegate.swift in Sources */,
				1FD99DAF1DB392BD00CF0721 /* User.swift in Sources */,
			);
			runOnlyForDeploymentPostprocessing = 0;
		};
/* End PBXSourcesBuildPhase section */

/* Begin PBXVariantGroup section */
		1FD99DA01DB3928600CF0721 /* Main.storyboard */ = {
			isa = PBXVariantGroup;
			children = (
				1FD99DA11DB3928600CF0721 /* Base */,
			);
			name = Main.storyboard;
			sourceTree = "<group>";
		};
		1FD99DA51DB3928600CF0721 /* LaunchScreen.storyboard */ = {
			isa = PBXVariantGroup;
			children = (
				1FD99DA61DB3928600CF0721 /* Base */,
			);
			name = LaunchScreen.storyboard;
			sourceTree = "<group>";
		};
/* End PBXVariantGroup section */

/* Begin XCBuildConfiguration section */
		1FD99DA91DB3928600CF0721 /* Debug */ = {
			isa = XCBuildConfiguration;
			buildSettings = {
				ALWAYS_SEARCH_USER_PATHS = NO;
				CLANG_ANALYZER_NONNULL = YES;
				CLANG_CXX_LANGUAGE_STANDARD = "gnu++0x";
				CLANG_CXX_LIBRARY = "libc++";
				CLANG_ENABLE_MODULES = YES;
				CLANG_ENABLE_OBJC_ARC = YES;
				CLANG_WARN_BOOL_CONVERSION = YES;
				CLANG_WARN_CONSTANT_CONVERSION = YES;
				CLANG_WARN_DIRECT_OBJC_ISA_USAGE = YES_ERROR;
				CLANG_WARN_DOCUMENTATION_COMMENTS = YES;
				CLANG_WARN_EMPTY_BODY = YES;
				CLANG_WARN_ENUM_CONVERSION = YES;
				CLANG_WARN_INFINITE_RECURSION = YES;
				CLANG_WARN_INT_CONVERSION = YES;
				CLANG_WARN_OBJC_ROOT_CLASS = YES_ERROR;
				CLANG_WARN_SUSPICIOUS_MOVES = YES;
				CLANG_WARN_UNREACHABLE_CODE = YES;
				CLANG_WARN__DUPLICATE_METHOD_MATCH = YES;
				"CODE_SIGN_IDENTITY[sdk=iphoneos*]" = "iPhone Developer";
				COPY_PHASE_STRIP = NO;
				DEBUG_INFORMATION_FORMAT = dwarf;
				ENABLE_STRICT_OBJC_MSGSEND = YES;
				ENABLE_TESTABILITY = YES;
				GCC_C_LANGUAGE_STANDARD = gnu99;
				GCC_DYNAMIC_NO_PIC = NO;
				GCC_NO_COMMON_BLOCKS = YES;
				GCC_OPTIMIZATION_LEVEL = 0;
				GCC_PREPROCESSOR_DEFINITIONS = (
					"DEBUG=1",
					"$(inherited)",
				);
				GCC_WARN_64_TO_32_BIT_CONVERSION = YES;
				GCC_WARN_ABOUT_RETURN_TYPE = YES_ERROR;
				GCC_WARN_UNDECLARED_SELECTOR = YES;
				GCC_WARN_UNINITIALIZED_AUTOS = YES_AGGRESSIVE;
				GCC_WARN_UNUSED_FUNCTION = YES;
				GCC_WARN_UNUSED_VARIABLE = YES;
				IPHONEOS_DEPLOYMENT_TARGET = 10.0;
				MTL_ENABLE_DEBUG_INFO = YES;
				ONLY_ACTIVE_ARCH = YES;
				SDKROOT = iphoneos;
				SWIFT_ACTIVE_COMPILATION_CONDITIONS = DEBUG;
				SWIFT_OPTIMIZATION_LEVEL = "-Onone";
				TARGETED_DEVICE_FAMILY = "1,2";
			};
			name = Debug;
		};
		1FD99DAA1DB3928600CF0721 /* Release */ = {
			isa = XCBuildConfiguration;
			buildSettings = {
				ALWAYS_SEARCH_USER_PATHS = NO;
				CLANG_ANALYZER_NONNULL = YES;
				CLANG_CXX_LANGUAGE_STANDARD = "gnu++0x";
				CLANG_CXX_LIBRARY = "libc++";
				CLANG_ENABLE_MODULES = YES;
				CLANG_ENABLE_OBJC_ARC = YES;
				CLANG_WARN_BOOL_CONVERSION = YES;
				CLANG_WARN_CONSTANT_CONVERSION = YES;
				CLANG_WARN_DIRECT_OBJC_ISA_USAGE = YES_ERROR;
				CLANG_WARN_DOCUMENTATION_COMMENTS = YES;
				CLANG_WARN_EMPTY_BODY = YES;
				CLANG_WARN_ENUM_CONVERSION = YES;
				CLANG_WARN_INFINITE_RECURSION = YES;
				CLANG_WARN_INT_CONVERSION = YES;
				CLANG_WARN_OBJC_ROOT_CLASS = YES_ERROR;
				CLANG_WARN_SUSPICIOUS_MOVES = YES;
				CLANG_WARN_UNREACHABLE_CODE = YES;
				CLANG_WARN__DUPLICATE_METHOD_MATCH = YES;
				"CODE_SIGN_IDENTITY[sdk=iphoneos*]" = "iPhone Developer";
				COPY_PHASE_STRIP = NO;
				DEBUG_INFORMATION_FORMAT = "dwarf-with-dsym";
				ENABLE_NS_ASSERTIONS = NO;
				ENABLE_STRICT_OBJC_MSGSEND = YES;
				GCC_C_LANGUAGE_STANDARD = gnu99;
				GCC_NO_COMMON_BLOCKS = YES;
				GCC_WARN_64_TO_32_BIT_CONVERSION = YES;
				GCC_WARN_ABOUT_RETURN_TYPE = YES_ERROR;
				GCC_WARN_UNDECLARED_SELECTOR = YES;
				GCC_WARN_UNINITIALIZED_AUTOS = YES_AGGRESSIVE;
				GCC_WARN_UNUSED_FUNCTION = YES;
				GCC_WARN_UNUSED_VARIABLE = YES;
				IPHONEOS_DEPLOYMENT_TARGET = 10.0;
				MTL_ENABLE_DEBUG_INFO = NO;
				SDKROOT = iphoneos;
				SWIFT_OPTIMIZATION_LEVEL = "-Owholemodule";
				TARGETED_DEVICE_FAMILY = "1,2";
				VALIDATE_PRODUCT = YES;
			};
			name = Release;
		};
		1FD99DAC1DB3928600CF0721 /* Debug */ = {
			isa = XCBuildConfiguration;
			buildSettings = {
				ASSETCATALOG_COMPILER_APPICON_NAME = AppIcon;
				INFOPLIST_FILE = Persistence_String/Info.plist;
				LD_RUNPATH_SEARCH_PATHS = "$(inherited) @executable_path/Frameworks";
				PRODUCT_BUNDLE_IDENTIFIER = "fw.Persistence-String";
				PRODUCT_NAME = "$(TARGET_NAME)";
				SWIFT_VERSION = 3.0;
			};
			name = Debug;
		};
		1FD99DAD1DB3928600CF0721 /* Release */ = {
			isa = XCBuildConfiguration;
			buildSettings = {
				ASSETCATALOG_COMPILER_APPICON_NAME = AppIcon;
				INFOPLIST_FILE = Persistence_String/Info.plist;
				LD_RUNPATH_SEARCH_PATHS = "$(inherited) @executable_path/Frameworks";
				PRODUCT_BUNDLE_IDENTIFIER = "fw.Persistence-String";
				PRODUCT_NAME = "$(TARGET_NAME)";
				SWIFT_VERSION = 3.0;
			};
			name = Release;
		};
/* End XCBuildConfiguration section */

/* Begin XCConfigurationList section */
		1FD99D941DB3928600CF0721 /* Build configuration list for PBXProject "Persistence_String" */ = {
			isa = XCConfigurationList;
			buildConfigurations = (
				1FD99DA91DB3928600CF0721 /* Debug */,
				1FD99DAA1DB3928600CF0721 /* Release */,
			);
			defaultConfigurationIsVisible = 0;
			defaultConfigurationName = Release;
		};
		1FD99DAB1DB3928600CF0721 /* Build configuration list for PBXNativeTarget "Persistence_String" */ = {
			isa = XCConfigurationList;
			buildConfigurations = (
				1FD99DAC1DB3928600CF0721 /* Debug */,
				1FD99DAD1DB3928600CF0721 /* Release */,
			);
			defaultConfigurationIsVisible = 0;
		};
/* End XCConfigurationList section */
	};
	rootObject = 1FD99D911DB3928600CF0721 /* Project object */;
}
